
Microsoft Visual Studio Solution File, Format Version 12.00
# Visual Studio Version 17
VisualStudioVersion = 17.7.34221.43
MinimumVisualStudioVersion = 10.0.40219.1
Project("{FAE04EC0-301F-11D3-BF4B-00C04F79EFBC}") = "Sales.Shared", "Sales.Shared\Sales.Shared.csproj", "{D9052B45-FB0B-42AE-A35B-BD66FF18636D}"
EndProject
Project("{FAE04EC0-301F-11D3-BF4B-00C04F79EFBC}") = "Sales.API", "Sales.API\Sales.API.csproj", "{94007E1E-4F41-46CF-B80F-27178B79D2C8}"
EndProject
Project("{FAE04EC0-301F-11D3-BF4B-00C04F79EFBC}") = "Sales.WEB", "Sales.WEB\Sales.WEB.csproj", "{576DAB7A-F62C-4ADC-B7D0-93DD39F5DCD8}"
EndProject
Project("{FAE04EC0-301F-11D3-BF4B-00C04F79EFBC}") = "Sales.Mobile", "Sales.Mobile\Sales.Mobile.csproj", "{1A720AFD-18F4-4CC9-9D9F-6D733EF18FC8}"
EndProject
Global
	GlobalSection(SolutionConfigurationPlatforms) = preSolution
		Debug|Any CPU = Debug|Any CPU
		Release|Any CPU = Release|Any CPU
	EndGlobalSection
	GlobalSection(ProjectConfigurationPlatforms) = postSolution
		{D9052B45-FB0B-42AE-A35B-BD66FF18636D}.Debug|Any CPU.ActiveCfg = Debug|Any CPU
		{D9052B45-FB0B-42AE-A35B-BD66FF18636D}.Debug|Any CPU.Build.0 = Debug|Any CPU
		{D9052B45-FB0B-42AE-A35B-BD66FF18636D}.Release|Any CPU.ActiveCfg = Release|Any CPU
		{D9052B45-FB0B-42AE-A35B-BD66FF18636D}.Release|Any CPU.Build.0 = Release|Any CPU
		{94007E1E-4F41-46CF-B80F-27178B79D2C8}.Debug|Any CPU.ActiveCfg = Debug|Any CPU
		{94007E1E-4F41-46CF-B80F-27178B79D2C8}.Debug|Any CPU.Build.0 = Debug|Any CPU
		{94007E1E-4F41-46CF-B80F-27178B79D2C8}.Release|Any CPU.ActiveCfg = Release|Any CPU
		{94007E1E-4F41-46CF-B80F-27178B79D2C8}.Release|Any CPU.Build.0 = Release|Any CPU
		{576DAB7A-F62C-4ADC-B7D0-93DD39F5DCD8}.Debug|Any CPU.ActiveCfg = Debug|Any CPU
		{576DAB7A-F62C-4ADC-B7D0-93DD39F5DCD8}.Debug|Any CPU.Build.0 = Debug|Any CPU
		{576DAB7A-F62C-4ADC-B7D0-93DD39F5DCD8}.Release|Any CPU.ActiveCfg = Release|Any CPU
		{576DAB7A-F62C-4ADC-B7D0-93DD39F5DCD8}.Release|Any CPU.Build.0 = Release|Any CPU
		{1A720AFD-18F4-4CC9-9D9F-6D733EF18FC8}.Debug|Any CPU.ActiveCfg = Debug|Any CPU
		{1A720AFD-18F4-4CC9-9D9F-6D733EF18FC8}.Debug|Any CPU.Build.0 = Debug|Any CPU
		{1A720AFD-18F4-4CC9-9D9F-6D733EF18FC8}.Debug|Any CPU.Deploy.0 = Debug|Any CPU
		{1A720AFD-18F4-4CC9-9D9F-6D733EF18FC8}.Release|Any CPU.ActiveCfg = Release|Any CPU
		{1A720AFD-18F4-4CC9-9D9F-6D733EF18FC8}.Release|Any CPU.Build.0 = Release|Any CPU
		{1A720AFD-18F4-4CC9-9D9F-6D733EF18FC8}.Release|Any CPU.Deploy.0 = Release|Any CPU
	EndGlobalSection
	GlobalSection(SolutionProperties) = preSolution
		HideSolutionNode = FALSE
	EndGlobalSection
	GlobalSection(ExtensibilityGlobals) = postSolution
		SolutionGuid = {14A644A0-758A-4AB3-9A67-D84EE46003D3}
	EndGlobalSection
EndGlobal
